// !$*UTF8*$!
{
	archiveVersion = 1;
	classes = {
	};
	objectVersion = 56;
	objects = {

/* Begin PBXBuildFile section */
		4B22F0E12C2DE8E60090D793 /* ScreenshotBlockedApp.swift in Sources */ = {isa = PBXBuildFile; fileRef = 4B22F0E02C2DE8E60090D793 /* ScreenshotBlockedApp.swift */; };
		4B22F0E32C2DE8E60090D793 /* ContentView.swift in Sources */ = {isa = PBXBuildFile; fileRef = 4B22F0E22C2DE8E60090D793 /* ContentView.swift */; };
		4B22F0E52C2DE8E70090D793 /* Assets.xcassets in Resources */ = {isa = PBXBuildFile; fileRef = 4B22F0E42C2DE8E70090D793 /* Assets.xcassets */; };
		4B22F0E82C2DE8E70090D793 /* Preview Assets.xcassets in Resources */ = {isa = PBXBuildFile; fileRef = 4B22F0E72C2DE8E70090D793 /* Preview Assets.xcassets */; };
		4B22F0F02C2DE9000090D793 /* ScreenshotPreventView.swift in Sources */ = {isa = PBXBuildFile; fileRef = 4B22F0EF2C2DE9000090D793 /* ScreenshotPreventView.swift */; };
		4B22F0F22C2DEB920090D793 /* SettingsView.swift in Sources */ = {isa = PBXBuildFile; fileRef = 4B22F0F12C2DEB920090D793 /* SettingsView.swift */; };
		4B22F0F42C2DEBF20090D793 /* HiddenInfoView.swift in Sources */ = {isa = PBXBuildFile; fileRef = 4B22F0F32C2DEBF20090D793 /* HiddenInfoView.swift */; };
		4B22F0F62C2DF0240090D793 /* ProfileView.swift in Sources */ = {isa = PBXBuildFile; fileRef = 4B22F0F52C2DF0240090D793 /* ProfileView.swift */; };
		4B22F0F82C2DF1380090D793 /* NickNameView.swift in Sources */ = {isa = PBXBuildFile; fileRef = 4B22F0F72C2DF1380090D793 /* NickNameView.swift */; };
		4BEFD7672C2DF30F003F0A60 /* CustomTF.swift in Sources */ = {isa = PBXBuildFile; fileRef = 4BEFD7662C2DF30F003F0A60 /* CustomTF.swift */; };
/* End PBXBuildFile section */

/* Begin PBXFileReference section */
		4B22F0DD2C2DE8E60090D793 /* ScreenshotBlocked.app */ = {isa = PBXFileReference; explicitFileType = wrapper.application; includeInIndex = 0; path = ScreenshotBlocked.app; sourceTree = BUILT_PRODUCTS_DIR; };
		4B22F0E02C2DE8E60090D793 /* ScreenshotBlockedApp.swift */ = {isa = PBXFileReference; lastKnownFileType = sourcecode.swift; path = ScreenshotBlockedApp.swift; sourceTree = "<group>"; };
		4B22F0E22C2DE8E60090D793 /* ContentView.swift */ = {isa = PBXFileReference; lastKnownFileType = sourcecode.swift; path = ContentView.swift; sourceTree = "<group>"; };
		4B22F0E42C2DE8E70090D793 /* Assets.xcassets */ = {isa = PBXFileReference; lastKnownFileType = folder.assetcatalog; path = Assets.xcassets; sourceTree = "<group>"; };
		4B22F0E72C2DE8E70090D793 /* Preview Assets.xcassets */ = {isa = PBXFileReference; lastKnownFileType = folder.assetcatalog; path = "Preview Assets.xcassets"; sourceTree = "<group>"; };
		4B22F0EF2C2DE9000090D793 /* ScreenshotPreventView.swift */ = {isa = PBXFileReference; lastKnownFileType = sourcecode.swift; path = ScreenshotPreventView.swift; sourceTree = "<group>"; };
		4B22F0F12C2DEB920090D793 /* SettingsView.swift */ = {isa = PBXFileReference; lastKnownFileType = sourcecode.swift; path = SettingsView.swift; sourceTree = "<group>"; };
		4B22F0F32C2DEBF20090D793 /* HiddenInfoView.swift */ = {isa = PBXFileReference; lastKnownFileType = sourcecode.swift; path = HiddenInfoView.swift; sourceTree = "<group>"; };
		4B22F0F52C2DF0240090D793 /* ProfileView.swift */ = {isa = PBXFileReference; lastKnownFileType = sourcecode.swift; path = ProfileView.swift; sourceTree = "<group>"; };
		4B22F0F72C2DF1380090D793 /* NickNameView.swift */ = {isa = PBXFileReference; lastKnownFileType = sourcecode.swift; path = NickNameView.swift; sourceTree = "<group>"; };
		4BEFD7662C2DF30F003F0A60 /* CustomTF.swift */ = {isa = PBXFileReference; lastKnownFileType = sourcecode.swift; path = CustomTF.swift; sourceTree = "<group>"; };
/* End PBXFileReference section */

/* Begin PBXFrameworksBuildPhase section */
		4B22F0DA2C2DE8E60090D793 /* Frameworks */ = {
			isa = PBXFrameworksBuildPhase;
			buildActionMask = 2147483647;
			files = (
			);
			runOnlyForDeploymentPostprocessing = 0;
		};
/* End PBXFrameworksBuildPhase section */

/* Begin PBXGroup section */
		4B22F0D42C2DE8E60090D793 = {
			isa = PBXGroup;
			children = (
				4B22F0E02C2DE8E60090D793 /* ScreenshotBlockedApp.swift */,
				4B22F0DF2C2DE8E60090D793 /* ScreenshotBlocked */,
				4B22F0DE2C2DE8E60090D793 /* Products */,
			);
			sourceTree = "<group>";
		};
		4B22F0DE2C2DE8E60090D793 /* Products */ = {
			isa = PBXGroup;
			children = (
				4B22F0DD2C2DE8E60090D793 /* ScreenshotBlocked.app */,
			);
			name = Products;
			sourceTree = "<group>";
		};
		4B22F0DF2C2DE8E60090D793 /* ScreenshotBlocked */ = {
			isa = PBXGroup;
			children = (
				4B22F0EE2C2DE8F30090D793 /* Helpers */,
				4B22F0E22C2DE8E60090D793 /* ContentView.swift */,
				4B22F0F12C2DEB920090D793 /* SettingsView.swift */,
				4B22F0F32C2DEBF20090D793 /* HiddenInfoView.swift */,
				4B22F0F52C2DF0240090D793 /* ProfileView.swift */,
				4B22F0F72C2DF1380090D793 /* NickNameView.swift */,
				4B22F0E42C2DE8E70090D793 /* Assets.xcassets */,
				4B22F0E62C2DE8E70090D793 /* Preview Content */,
			);
			path = ScreenshotBlocked;
			sourceTree = "<group>";
		};
		4B22F0E62C2DE8E70090D793 /* Preview Content */ = {
			isa = PBXGroup;
			children = (
				4B22F0E72C2DE8E70090D793 /* Preview Assets.xcassets */,
			);
			path = "Preview Content";
			sourceTree = "<group>";
		};
		4B22F0EE2C2DE8F30090D793 /* Helpers */ = {
			isa = PBXGroup;
			children = (
				4B22F0EF2C2DE9000090D793 /* ScreenshotPreventView.swift */,
				4BEFD7662C2DF30F003F0A60 /* CustomTF.swift */,
			);
			path = Helpers;
			sourceTree = "<group>";
		};
/* End PBXGroup section */

/* Begin PBXNativeTarget section */
		4B22F0DC2C2DE8E60090D793 /* ScreenshotBlocked */ = {
			isa = PBXNativeTarget;
			buildConfigurationList = 4B22F0EB2C2DE8E70090D793 /* Build configuration list for PBXNativeTarget "ScreenshotBlocked" */;
			buildPhases = (
				4B22F0D92C2DE8E60090D793 /* Sources */,
				4B22F0DA2C2DE8E60090D793 /* Frameworks */,
				4B22F0DB2C2DE8E60090D793 /* Resources */,
			);
			buildRules = (
			);
			dependencies = (
			);
			name = ScreenshotBlocked;
			productName = ScreenshotBlocked;
			productReference = 4B22F0DD2C2DE8E60090D793 /* ScreenshotBlocked.app */;
			productType = "com.apple.product-type.application";
		};
/* End PBXNativeTarget section */

/* Begin PBXProject section */
		4B22F0D52C2DE8E60090D793 /* Project object */ = {
			isa = PBXProject;
			attributes = {
				BuildIndependentTargetsInParallel = 1;
				LastSwiftUpdateCheck = 1540;
				LastUpgradeCheck = 1540;
				TargetAttributes = {
					4B22F0DC2C2DE8E60090D793 = {
						CreatedOnToolsVersion = 15.4;
					};
				};
			};
			buildConfigurationList = 4B22F0D82C2DE8E60090D793 /* Build configuration list for PBXProject "ScreenshotBlocked" */;
			compatibilityVersion = "Xcode 14.0";
			developmentRegion = en;
			hasScannedForEncodings = 0;
			knownRegions = (
				en,
				Base,
			);
			mainGroup = 4B22F0D42C2DE8E60090D793;
			productRefGroup = 4B22F0DE2C2DE8E60090D793 /* Products */;
			projectDirPath = "";
			projectRoot = "";
			targets = (
				4B22F0DC2C2DE8E60090D793 /* ScreenshotBlocked */,
			);
		};
/* End PBXProject section */

/* Begin PBXResourcesBuildPhase section */
		4B22F0DB2C2DE8E60090D793 /* Resources */ = {
			isa = PBXResourcesBuildPhase;
			buildActionMask = 2147483647;
			files = (
				4B22F0E82C2DE8E70090D793 /* Preview Assets.xcassets in Resources */,
				4B22F0E52C2DE8E70090D793 /* Assets.xcassets in Resources */,
			);
			runOnlyForDeploymentPostprocessing = 0;
		};
/* End PBXResourcesBuildPhase section */

/* Begin PBXSourcesBuildPhase section */
		4B22F0D92C2DE8E60090D793 /* Sources */ = {
			isa = PBXSourcesBuildPhase;
			buildActionMask = 2147483647;
			files = (
				4B22F0F02C2DE9000090D793 /* ScreenshotPreventView.swift in Sources */,
				4B22F0F22C2DEB920090D793 /* SettingsView.swift in Sources */,
				4B22F0E32C2DE8E60090D793 /* ContentView.swift in Sources */,
				4B22F0F42C2DEBF20090D793 /* HiddenInfoView.swift in Sources */,
				4B22F0F82C2DF1380090D793 /* NickNameView.swift in Sources */,
				4B22F0F62C2DF0240090D793 /* ProfileView.swift in Sources */,
				4BEFD7672C2DF30F003F0A60 /* CustomTF.swift in Sources */,
				4B22F0E12C2DE8E60090D793 /* ScreenshotBlockedApp.swift in Sources */,
			);
			runOnlyForDeploymentPostprocessing = 0;
		};
/* End PBXSourcesBuildPhase section */

/* Begin XCBuildConfiguration section */
		4B22F0E92C2DE8E70090D793 /* Debug */ = {
			isa = XCBuildConfiguration;
			buildSettings = {
				ALWAYS_SEARCH_USER_PATHS = NO;
				ASSETCATALOG_COMPILER_GENERATE_SWIFT_ASSET_SYMBOL_EXTENSIONS = YES;
				CLANG_ANALYZER_NONNULL = YES;
				CLANG_ANALYZER_NUMBER_OBJECT_CONVERSION = YES_AGGRESSIVE;
				CLANG_CXX_LANGUAGE_STANDARD = "gnu++20";
				CLANG_ENABLE_MODULES = YES;
				CLANG_ENABLE_OBJC_ARC = YES;
				CLANG_ENABLE_OBJC_WEAK = YES;
				CLANG_WARN_BLOCK_CAPTURE_AUTORELEASING = YES;
				CLANG_WARN_BOOL_CONVERSION = YES;
				CLANG_WARN_COMMA = YES;
				CLANG_WARN_CONSTANT_CONVERSION = YES;
				CLANG_WARN_DEPRECATED_OBJC_IMPLEMENTATIONS = YES;
				CLANG_WARN_DIRECT_OBJC_ISA_USAGE = YES_ERROR;
				CLANG_WARN_DOCUMENTATION_COMMENTS = YES;
				CLANG_WARN_EMPTY_BODY = YES;
				CLANG_WARN_ENUM_CONVERSION = YES;
				CLANG_WARN_INFINITE_RECURSION = YES;
				CLANG_WARN_INT_CONVERSION = YES;
				CLANG_WARN_NON_LITERAL_NULL_CONVERSION = YES;
				CLANG_WARN_OBJC_IMPLICIT_RETAIN_SELF = YES;
				CLANG_WARN_OBJC_LITERAL_CONVERSION = YES;
				CLANG_WARN_OBJC_ROOT_CLASS = YES_ERROR;
				CLANG_WARN_QUOTED_INCLUDE_IN_FRAMEWORK_HEADER = YES;
				CLANG_WARN_RANGE_LOOP_ANALYSIS = YES;
				CLANG_WARN_STRICT_PROTOTYPES = YES;
				CLANG_WARN_SUSPICIOUS_MOVE = YES;
				CLANG_WARN_UNGUARDED_AVAILABILITY = YES_AGGRESSIVE;
				CLANG_WARN_UNREACHABLE_CODE = YES;
				CLANG_WARN__DUPLICATE_METHOD_MATCH = YES;
				COPY_PHASE_STRIP = NO;
				DEBUG_INFORMATION_FORMAT = dwarf;
				ENABLE_STRICT_OBJC_MSGSEND = YES;
				ENABLE_TESTABILITY = YES;
				ENABLE_USER_SCRIPT_SANDBOXING = YES;
				GCC_C_LANGUAGE_STANDARD = gnu17;
				GCC_DYNAMIC_NO_PIC = NO;
				GCC_NO_COMMON_BLOCKS = YES;
				GCC_OPTIMIZATION_LEVEL = 0;
				GCC_PREPROCESSOR_DEFINITIONS = (
					"DEBUG=1",
					"$(inherited)",
				);
				GCC_WARN_64_TO_32_BIT_CONVERSION = YES;
				GCC_WARN_ABOUT_RETURN_TYPE = YES_ERROR;
				GCC_WARN_UNDECLARED_SELECTOR = YES;
				GCC_WARN_UNINITIALIZED_AUTOS = YES_AGGRESSIVE;
				GCC_WARN_UNUSED_FUNCTION = YES;
				GCC_WARN_UNUSED_VARIABLE = YES;
				IPHONEOS_DEPLOYMENT_TARGET = 17.5;
				LOCALIZATION_PREFERS_STRING_CATALOGS = YES;
				MTL_ENABLE_DEBUG_INFO = INCLUDE_SOURCE;
				MTL_FAST_MATH = YES;
				ONLY_ACTIVE_ARCH = YES;
				SDKROOT = iphoneos;
				SWIFT_ACTIVE_COMPILATION_CONDITIONS = "DEBUG $(inherited)";
				SWIFT_OPTIMIZATION_LEVEL = "-Onone";
			};
			name = Debug;
		};
		4B22F0EA2C2DE8E70090D793 /* Release */ = {
			isa = XCBuildConfiguration;
			buildSettings = {
				ALWAYS_SEARCH_USER_PATHS = NO;
				ASSETCATALOG_COMPILER_GENERATE_SWIFT_ASSET_SYMBOL_EXTENSIONS = YES;
				CLANG_ANALYZER_NONNULL = YES;
				CLANG_ANALYZER_NUMBER_OBJECT_CONVERSION = YES_AGGRESSIVE;
				CLANG_CXX_LANGUAGE_STANDARD = "gnu++20";
				CLANG_ENABLE_MODULES = YES;
				CLANG_ENABLE_OBJC_ARC = YES;
				CLANG_ENABLE_OBJC_WEAK = YES;
				CLANG_WARN_BLOCK_CAPTURE_AUTORELEASING = YES;
				CLANG_WARN_BOOL_CONVERSION = YES;
				CLANG_WARN_COMMA = YES;
				CLANG_WARN_CONSTANT_CONVERSION = YES;
				CLANG_WARN_DEPRECATED_OBJC_IMPLEMENTATIONS = YES;
				CLANG_WARN_DIRECT_OBJC_ISA_USAGE = YES_ERROR;
				CLANG_WARN_DOCUMENTATION_COMMENTS = YES;
				CLANG_WARN_EMPTY_BODY = YES;
				CLANG_WARN_ENUM_CONVERSION = YES;
				CLANG_WARN_INFINITE_RECURSION = YES;
				CLANG_WARN_INT_CONVERSION = YES;
				CLANG_WARN_NON_LITERAL_NULL_CONVERSION = YES;
				CLANG_WARN_OBJC_IMPLICIT_RETAIN_SELF = YES;
				CLANG_WARN_OBJC_LITERAL_CONVERSION = YES;
				CLANG_WARN_OBJC_ROOT_CLASS = YES_ERROR;
				CLANG_WARN_QUOTED_INCLUDE_IN_FRAMEWORK_HEADER = YES;
				CLANG_WARN_RANGE_LOOP_ANALYSIS = YES;
				CLANG_WARN_STRICT_PROTOTYPES = YES;
				CLANG_WARN_SUSPICIOUS_MOVE = YES;
				CLANG_WARN_UNGUARDED_AVAILABILITY = YES_AGGRESSIVE;
				CLANG_WARN_UNREACHABLE_CODE = YES;
				CLANG_WARN__DUPLICATE_METHOD_MATCH = YES;
				COPY_PHASE_STRIP = NO;
				DEBUG_INFORMATION_FORMAT = "dwarf-with-dsym";
				ENABLE_NS_ASSERTIONS = NO;
				ENABLE_STRICT_OBJC_MSGSEND = YES;
				ENABLE_USER_SCRIPT_SANDBOXING = YES;
				GCC_C_LANGUAGE_STANDARD = gnu17;
				GCC_NO_COMMON_BLOCKS = YES;
				GCC_WARN_64_TO_32_BIT_CONVERSION = YES;
				GCC_WARN_ABOUT_RETURN_TYPE = YES_ERROR;
				GCC_WARN_UNDECLARED_SELECTOR = YES;
				GCC_WARN_UNINITIALIZED_AUTOS = YES_AGGRESSIVE;
				GCC_WARN_UNUSED_FUNCTION = YES;
				GCC_WARN_UNUSED_VARIABLE = YES;
				IPHONEOS_DEPLOYMENT_TARGET = 17.5;
				LOCALIZATION_PREFERS_STRING_CATALOGS = YES;
				MTL_ENABLE_DEBUG_INFO = NO;
				MTL_FAST_MATH = YES;
				SDKROOT = iphoneos;
				SWIFT_COMPILATION_MODE = wholemodule;
				VALIDATE_PRODUCT = YES;
			};
			name = Release;
		};
		4B22F0EC2C2DE8E70090D793 /* Debug */ = {
			isa = XCBuildConfiguration;
			buildSettings = {
				ASSETCATALOG_COMPILER_APPICON_NAME = AppIcon;
				ASSETCATALOG_COMPILER_GLOBAL_ACCENT_COLOR_NAME = AccentColor;
				CODE_SIGN_STYLE = Automatic;
				CURRENT_PROJECT_VERSION = 1;
				DEVELOPMENT_ASSET_PATHS = "\"ScreenshotBlocked/Preview Content\"";
				DEVELOPMENT_TEAM = 85ASU83XHG;
				ENABLE_PREVIEWS = YES;
				GENERATE_INFOPLIST_FILE = YES;
				INFOPLIST_KEY_UIApplicationSceneManifest_Generation = YES;
				INFOPLIST_KEY_UIApplicationSupportsIndirectInputEvents = YES;
				INFOPLIST_KEY_UILaunchScreen_Generation = YES;
				INFOPLIST_KEY_UISupportedInterfaceOrientations_iPad = "UIInterfaceOrientationPortrait UIInterfaceOrientationPortraitUpsideDown UIInterfaceOrientationLandscapeLeft UIInterfaceOrientationLandscapeRight";
				INFOPLIST_KEY_UISupportedInterfaceOrientations_iPhone = "UIInterfaceOrientationPortrait UIInterfaceOrientationLandscapeLeft UIInterfaceOrientationLandscapeRight";
				LD_RUNPATH_SEARCH_PATHS = (
					"$(inherited)",
					"@executable_path/Frameworks",
				);
				MARKETING_VERSION = 1.0;
				PRODUCT_BUNDLE_IDENTIFIER = doguner.com.ScreenshotBlocked;
				PRODUCT_NAME = "$(TARGET_NAME)";
				SWIFT_EMIT_LOC_STRINGS = YES;
				SWIFT_VERSION = 5.0;
				TARGETED_DEVICE_FAMILY = "1,2";
			};
			name = Debug;
		};
		4B22F0ED2C2DE8E70090D793 /* Release */ = {
			isa = XCBuildConfiguration;
			buildSettings = {
				ASSETCATALOG_COMPILER_APPICON_NAME = AppIcon;
				ASSETCATALOG_COMPILER_GLOBAL_ACCENT_COLOR_NAME = AccentColor;
				CODE_SIGN_STYLE = Automatic;
				CURRENT_PROJECT_VERSION = 1;
				DEVELOPMENT_ASSET_PATHS = "\"ScreenshotBlocked/Preview Content\"";
				DEVELOPMENT_TEAM = 85ASU83XHG;
				ENABLE_PREVIEWS = YES;
				GENERATE_INFOPLIST_FILE = YES;
				INFOPLIST_KEY_UIApplicationSceneManifest_Generation = YES;
				INFOPLIST_KEY_UIApplicationSupportsIndirectInputEvents = YES;
				INFOPLIST_KEY_UILaunchScreen_Generation = YES;
				INFOPLIST_KEY_UISupportedInterfaceOrientations_iPad = "UIInterfaceOrientationPortrait UIInterfaceOrientationPortraitUpsideDown UIInterfaceOrientationLandscapeLeft UIInterfaceOrientationLandscapeRight";
				INFOPLIST_KEY_UISupportedInterfaceOrientations_iPhone = "UIInterfaceOrientationPortrait UIInterfaceOrientationLandscapeLeft UIInterfaceOrientationLandscapeRight";
				LD_RUNPATH_SEARCH_PATHS = (
					"$(inherited)",
					"@executable_path/Frameworks",
				);
				MARKETING_VERSION = 1.0;
				PRODUCT_BUNDLE_IDENTIFIER = doguner.com.ScreenshotBlocked;
				PRODUCT_NAME = "$(TARGET_NAME)";
				SWIFT_EMIT_LOC_STRINGS = YES;
				SWIFT_VERSION = 5.0;
				TARGETED_DEVICE_FAMILY = "1,2";
			};
			name = Release;
		};
/* End XCBuildConfiguration section */

/* Begin XCConfigurationList section */
		4B22F0D82C2DE8E60090D793 /* Build configuration list for PBXProject "ScreenshotBlocked" */ = {
			isa = XCConfigurationList;
			buildConfigurations = (
				4B22F0E92C2DE8E70090D793 /* Debug */,
				4B22F0EA2C2DE8E70090D793 /* Release */,
			);
			defaultConfigurationIsVisible = 0;
			defaultConfigurationName = Release;
		};
		4B22F0EB2C2DE8E70090D793 /* Build configuration list for PBXNativeTarget "ScreenshotBlocked" */ = {
			isa = XCConfigurationList;
			buildConfigurations = (
				4B22F0EC2C2DE8E70090D793 /* Debug */,
				4B22F0ED2C2DE8E70090D793 /* Release */,
			);
			defaultConfigurationIsVisible = 0;
			defaultConfigurationName = Release;
		};
/* End XCConfigurationList section */
	};
	rootObject = 4B22F0D52C2DE8E60090D793 /* Project object */;
}
